// !$*UTF8*$!
{
	archiveVersion = 1;
	classes = {
	};
	objectVersion = 55;
	objects = {

/* Begin PBXBuildFile section */
		7C4190472939A234004056D6 /* AppDelegate.swift in Sources */ = {isa = PBXBuildFile; fileRef = 7C4190462939A234004056D6 /* AppDelegate.swift */; };
		7C4190492939A234004056D6 /* SceneDelegate.swift in Sources */ = {isa = PBXBuildFile; fileRef = 7C4190482939A234004056D6 /* SceneDelegate.swift */; };
		7C41904B2939A234004056D6 /* JokeViewController.swift in Sources */ = {isa = PBXBuildFile; fileRef = 7C41904A2939A234004056D6 /* JokeViewController.swift */; };
		7C4190512939A234004056D6 /* RandomJoke.xcdatamodeld in Sources */ = {isa = PBXBuildFile; fileRef = 7C41904F2939A234004056D6 /* RandomJoke.xcdatamodeld */; };
		7C4190532939A235004056D6 /* Assets.xcassets in Resources */ = {isa = PBXBuildFile; fileRef = 7C4190522939A235004056D6 /* Assets.xcassets */; };
		7C4190562939A235004056D6 /* LaunchScreen.storyboard in Resources */ = {isa = PBXBuildFile; fileRef = 7C4190542939A235004056D6 /* LaunchScreen.storyboard */; };
		7C4190662939A367004056D6 /* FavViewController.swift in Sources */ = {isa = PBXBuildFile; fileRef = 7C4190652939A367004056D6 /* FavViewController.swift */; };
		7C4190682939A396004056D6 /* JokeListViewModel.swift in Sources */ = {isa = PBXBuildFile; fileRef = 7C4190672939A396004056D6 /* JokeListViewModel.swift */; };
		7C41906A2939A3B1004056D6 /* JokeModel.swift in Sources */ = {isa = PBXBuildFile; fileRef = 7C4190692939A3B1004056D6 /* JokeModel.swift */; };
		7C41906C2939A3C8004056D6 /* API.swift in Sources */ = {isa = PBXBuildFile; fileRef = 7C41906B2939A3C8004056D6 /* API.swift */; };
		7C41906E2939A3DF004056D6 /* WebService.swift in Sources */ = {isa = PBXBuildFile; fileRef = 7C41906D2939A3DF004056D6 /* WebService.swift */; };
		7C4190712939A446004056D6 /* Jokes+CoreDataClass.swift in Sources */ = {isa = PBXBuildFile; fileRef = 7C41906F2939A446004056D6 /* Jokes+CoreDataClass.swift */; };
		7C4190722939A446004056D6 /* Jokes+CoreDataProperties.swift in Sources */ = {isa = PBXBuildFile; fileRef = 7C4190702939A446004056D6 /* Jokes+CoreDataProperties.swift */; };
/* End PBXBuildFile section */

/* Begin PBXFileReference section */
		7C4190432939A234004056D6 /* RandomJoke.app */ = {isa = PBXFileReference; explicitFileType = wrapper.application; includeInIndex = 0; path = RandomJoke.app; sourceTree = BUILT_PRODUCTS_DIR; };
		7C4190462939A234004056D6 /* AppDelegate.swift */ = {isa = PBXFileReference; lastKnownFileType = sourcecode.swift; path = AppDelegate.swift; sourceTree = "<group>"; };
		7C4190482939A234004056D6 /* SceneDelegate.swift */ = {isa = PBXFileReference; lastKnownFileType = sourcecode.swift; path = SceneDelegate.swift; sourceTree = "<group>"; };
		7C41904A2939A234004056D6 /* JokeViewController.swift */ = {isa = PBXFileReference; lastKnownFileType = sourcecode.swift; path = JokeViewController.swift; sourceTree = "<group>"; };
		7C4190502939A234004056D6 /* RandomJoke.xcdatamodel */ = {isa = PBXFileReference; lastKnownFileType = wrapper.xcdatamodel; path = RandomJoke.xcdatamodel; sourceTree = "<group>"; };
		7C4190522939A235004056D6 /* Assets.xcassets */ = {isa = PBXFileReference; lastKnownFileType = folder.assetcatalog; path = Assets.xcassets; sourceTree = "<group>"; };
		7C4190552939A235004056D6 /* Base */ = {isa = PBXFileReference; lastKnownFileType = file.storyboard; name = Base; path = Base.lproj/LaunchScreen.storyboard; sourceTree = "<group>"; };
		7C4190572939A235004056D6 /* Info.plist */ = {isa = PBXFileReference; lastKnownFileType = text.plist.xml; path = Info.plist; sourceTree = "<group>"; };
		7C4190652939A367004056D6 /* FavViewController.swift */ = {isa = PBXFileReference; lastKnownFileType = sourcecode.swift; path = FavViewController.swift; sourceTree = "<group>"; };
		7C4190672939A396004056D6 /* JokeListViewModel.swift */ = {isa = PBXFileReference; lastKnownFileType = sourcecode.swift; path = JokeListViewModel.swift; sourceTree = "<group>"; };
		7C4190692939A3B1004056D6 /* JokeModel.swift */ = {isa = PBXFileReference; lastKnownFileType = sourcecode.swift; path = JokeModel.swift; sourceTree = "<group>"; };
		7C41906B2939A3C8004056D6 /* API.swift */ = {isa = PBXFileReference; lastKnownFileType = sourcecode.swift; path = API.swift; sourceTree = "<group>"; };
		7C41906D2939A3DF004056D6 /* WebService.swift */ = {isa = PBXFileReference; lastKnownFileType = sourcecode.swift; path = WebService.swift; sourceTree = "<group>"; };
		7C41906F2939A446004056D6 /* Jokes+CoreDataClass.swift */ = {isa = PBXFileReference; lastKnownFileType = sourcecode.swift; path = "Jokes+CoreDataClass.swift"; sourceTree = "<group>"; };
		7C4190702939A446004056D6 /* Jokes+CoreDataProperties.swift */ = {isa = PBXFileReference; lastKnownFileType = sourcecode.swift; path = "Jokes+CoreDataProperties.swift"; sourceTree = "<group>"; };
/* End PBXFileReference section */

/* Begin PBXFrameworksBuildPhase section */
		7C4190402939A234004056D6 /* Frameworks */ = {
			isa = PBXFrameworksBuildPhase;
			buildActionMask = 2147483647;
			files = (
			);
			runOnlyForDeploymentPostprocessing = 0;
		};
/* End PBXFrameworksBuildPhase section */

/* Begin PBXGroup section */
		7C41903A2939A233004056D6 = {
			isa = PBXGroup;
			children = (
				7C4190452939A234004056D6 /* RandomJoke */,
				7C4190442939A234004056D6 /* Products */,
			);
			sourceTree = "<group>";
		};
		7C4190442939A234004056D6 /* Products */ = {
			isa = PBXGroup;
			children = (
				7C4190432939A234004056D6 /* RandomJoke.app */,
			);
			name = Products;
			sourceTree = "<group>";
		};
		7C4190452939A234004056D6 /* RandomJoke */ = {
			isa = PBXGroup;
			children = (
				7C4190622939A2BC004056D6 /* JokeListItem */,
				7C4190612939A2B4004056D6 /* Service */,
				7C4190602939A2AC004056D6 /* Constants */,
				7C41905F2939A2A3004056D6 /* Model */,
				7C41905E2939A285004056D6 /* ViewModel */,
				7C41905D2939A275004056D6 /* Controller */,
				7C4190462939A234004056D6 /* AppDelegate.swift */,
				7C4190482939A234004056D6 /* SceneDelegate.swift */,
				7C4190522939A235004056D6 /* Assets.xcassets */,
				7C4190542939A235004056D6 /* LaunchScreen.storyboard */,
				7C4190572939A235004056D6 /* Info.plist */,
				7C41904F2939A234004056D6 /* RandomJoke.xcdatamodeld */,
			);
			path = RandomJoke;
			sourceTree = "<group>";
		};
		7C41905D2939A275004056D6 /* Controller */ = {
			isa = PBXGroup;
			children = (
				7C41904A2939A234004056D6 /* JokeViewController.swift */,
				7C4190652939A367004056D6 /* FavViewController.swift */,
			);
			path = Controller;
			sourceTree = "<group>";
		};
		7C41905E2939A285004056D6 /* ViewModel */ = {
			isa = PBXGroup;
			children = (
				7C4190672939A396004056D6 /* JokeListViewModel.swift */,
			);
			path = ViewModel;
			sourceTree = "<group>";
		};
		7C41905F2939A2A3004056D6 /* Model */ = {
			isa = PBXGroup;
			children = (
				7C4190692939A3B1004056D6 /* JokeModel.swift */,
			);
			path = Model;
			sourceTree = "<group>";
		};
		7C4190602939A2AC004056D6 /* Constants */ = {
			isa = PBXGroup;
			children = (
				7C41906B2939A3C8004056D6 /* API.swift */,
			);
			path = Constants;
			sourceTree = "<group>";
		};
		7C4190612939A2B4004056D6 /* Service */ = {
			isa = PBXGroup;
			children = (
				7C41906D2939A3DF004056D6 /* WebService.swift */,
			);
			path = Service;
			sourceTree = "<group>";
		};
		7C4190622939A2BC004056D6 /* JokeListItem */ = {
			isa = PBXGroup;
			children = (
				7C41906F2939A446004056D6 /* Jokes+CoreDataClass.swift */,
				7C4190702939A446004056D6 /* Jokes+CoreDataProperties.swift */,
			);
			path = JokeListItem;
			sourceTree = "<group>";
		};
/* End PBXGroup section */

/* Begin PBXNativeTarget section */
		7C4190422939A234004056D6 /* RandomJoke */ = {
			isa = PBXNativeTarget;
			buildConfigurationList = 7C41905A2939A235004056D6 /* Build configuration list for PBXNativeTarget "RandomJoke" */;
			buildPhases = (
				7C41903F2939A234004056D6 /* Sources */,
				7C4190402939A234004056D6 /* Frameworks */,
				7C4190412939A234004056D6 /* Resources */,
			);
			buildRules = (
			);
			dependencies = (
			);
			name = RandomJoke;
			productName = RandomJoke;
			productReference = 7C4190432939A234004056D6 /* RandomJoke.app */;
			productType = "com.apple.product-type.application";
		};
/* End PBXNativeTarget section */

/* Begin PBXProject section */
		7C41903B2939A233004056D6 /* Project object */ = {
			isa = PBXProject;
			attributes = {
				BuildIndependentTargetsInParallel = 1;
				LastSwiftUpdateCheck = 1340;
				LastUpgradeCheck = 1340;
				TargetAttributes = {
					7C4190422939A234004056D6 = {
						CreatedOnToolsVersion = 13.4.1;
					};
				};
			};
			buildConfigurationList = 7C41903E2939A233004056D6 /* Build configuration list for PBXProject "RandomJoke" */;
			compatibilityVersion = "Xcode 13.0";
			developmentRegion = en;
			hasScannedForEncodings = 0;
			knownRegions = (
				en,
				Base,
			);
			mainGroup = 7C41903A2939A233004056D6;
			productRefGroup = 7C4190442939A234004056D6 /* Products */;
			projectDirPath = "";
			projectRoot = "";
			targets = (
				7C4190422939A234004056D6 /* RandomJoke */,
			);
		};
/* End PBXProject section */

/* Begin PBXResourcesBuildPhase section */
		7C4190412939A234004056D6 /* Resources */ = {
			isa = PBXResourcesBuildPhase;
			buildActionMask = 2147483647;
			files = (
				7C4190562939A235004056D6 /* LaunchScreen.storyboard in Resources */,
				7C4190532939A235004056D6 /* Assets.xcassets in Resources */,
			);
			runOnlyForDeploymentPostprocessing = 0;
		};
/* End PBXResourcesBuildPhase section */

/* Begin PBXSourcesBuildPhase section */
		7C41903F2939A234004056D6 /* Sources */ = {
			isa = PBXSourcesBuildPhase;
			buildActionMask = 2147483647;
			files = (
				7C41906E2939A3DF004056D6 /* WebService.swift in Sources */,
				7C41906A2939A3B1004056D6 /* JokeModel.swift in Sources */,
				7C41904B2939A234004056D6 /* JokeViewController.swift in Sources */,
				7C4190512939A234004056D6 /* RandomJoke.xcdatamodeld in Sources */,
				7C4190712939A446004056D6 /* Jokes+CoreDataClass.swift in Sources */,
				7C4190472939A234004056D6 /* AppDelegate.swift in Sources */,
				7C4190662939A367004056D6 /* FavViewController.swift in Sources */,
				7C4190492939A234004056D6 /* SceneDelegate.swift in Sources */,
				7C41906C2939A3C8004056D6 /* API.swift in Sources */,
				7C4190722939A446004056D6 /* Jokes+CoreDataProperties.swift in Sources */,
				7C4190682939A396004056D6 /* JokeListViewModel.swift in Sources */,
			);
			runOnlyForDeploymentPostprocessing = 0;
		};
/* End PBXSourcesBuildPhase section */

/* Begin PBXVariantGroup section */
		7C4190542939A235004056D6 /* LaunchScreen.storyboard */ = {
			isa = PBXVariantGroup;
			children = (
				7C4190552939A235004056D6 /* Base */,
			);
			name = LaunchScreen.storyboard;
			sourceTree = "<group>";
		};
/* End PBXVariantGroup section */

/* Begin XCBuildConfiguration section */
		7C4190582939A235004056D6 /* Debug */ = {
			isa = XCBuildConfiguration;
			buildSettings = {
				ALWAYS_SEARCH_USER_PATHS = NO;
				CLANG_ANALYZER_NONNULL = YES;
				CLANG_ANALYZER_NUMBER_OBJECT_CONVERSION = YES_AGGRESSIVE;
				CLANG_CXX_LANGUAGE_STANDARD = "gnu++17";
				CLANG_ENABLE_MODULES = YES;
				CLANG_ENABLE_OBJC_ARC = YES;
				CLANG_ENABLE_OBJC_WEAK = YES;
				CLANG_WARN_BLOCK_CAPTURE_AUTORELEASING = YES;
				CLANG_WARN_BOOL_CONVERSION = YES;
				CLANG_WARN_COMMA = YES;
				CLANG_WARN_CONSTANT_CONVERSION = YES;
				CLANG_WARN_DEPRECATED_OBJC_IMPLEMENTATIONS = YES;
				CLANG_WARN_DIRECT_OBJC_ISA_USAGE = YES_ERROR;
				CLANG_WARN_DOCUMENTATION_COMMENTS = YES;
				CLANG_WARN_EMPTY_BODY = YES;
				CLANG_WARN_ENUM_CONVERSION = YES;
				CLANG_WARN_INFINITE_RECURSION = YES;
				CLANG_WARN_INT_CONVERSION = YES;
				CLANG_WARN_NON_LITERAL_NULL_CONVERSION = YES;
				CLANG_WARN_OBJC_IMPLICIT_RETAIN_SELF = YES;
				CLANG_WARN_OBJC_LITERAL_CONVERSION = YES;
				CLANG_WARN_OBJC_ROOT_CLASS = YES_ERROR;
				CLANG_WARN_QUOTED_INCLUDE_IN_FRAMEWORK_HEADER = YES;
				CLANG_WARN_RANGE_LOOP_ANALYSIS = YES;
				CLANG_WARN_STRICT_PROTOTYPES = YES;
				CLANG_WARN_SUSPICIOUS_MOVE = YES;
				CLANG_WARN_UNGUARDED_AVAILABILITY = YES_AGGRESSIVE;
				CLANG_WARN_UNREACHABLE_CODE = YES;
				CLANG_WARN__DUPLICATE_METHOD_MATCH = YES;
				COPY_PHASE_STRIP = NO;
				DEBUG_INFORMATION_FORMAT = dwarf;
				ENABLE_STRICT_OBJC_MSGSEND = YES;
				ENABLE_TESTABILITY = YES;
				GCC_C_LANGUAGE_STANDARD = gnu11;
				GCC_DYNAMIC_NO_PIC = NO;
				GCC_NO_COMMON_BLOCKS = YES;
				GCC_OPTIMIZATION_LEVEL = 0;
				GCC_PREPROCESSOR_DEFINITIONS = (
					"DEBUG=1",
					"$(inherited)",
				);
				GCC_WARN_64_TO_32_BIT_CONVERSION = YES;
				GCC_WARN_ABOUT_RETURN_TYPE = YES_ERROR;
				GCC_WARN_UNDECLARED_SELECTOR = YES;
				GCC_WARN_UNINITIALIZED_AUTOS = YES_AGGRESSIVE;
				GCC_WARN_UNUSED_FUNCTION = YES;
				GCC_WARN_UNUSED_VARIABLE = YES;
				IPHONEOS_DEPLOYMENT_TARGET = 15.5;
				MTL_ENABLE_DEBUG_INFO = INCLUDE_SOURCE;
				MTL_FAST_MATH = YES;
				ONLY_ACTIVE_ARCH = YES;
				SDKROOT = iphoneos;
				SWIFT_ACTIVE_COMPILATION_CONDITIONS = DEBUG;
				SWIFT_OPTIMIZATION_LEVEL = "-Onone";
			};
			name = Debug;
		};
		7C4190592939A235004056D6 /* Release */ = {
			isa = XCBuildConfiguration;
			buildSettings = {
				ALWAYS_SEARCH_USER_PATHS = NO;
				CLANG_ANALYZER_NONNULL = YES;
				CLANG_ANALYZER_NUMBER_OBJECT_CONVERSION = YES_AGGRESSIVE;
				CLANG_CXX_LANGUAGE_STANDARD = "gnu++17";
				CLANG_ENABLE_MODULES = YES;
				CLANG_ENABLE_OBJC_ARC = YES;
				CLANG_ENABLE_OBJC_WEAK = YES;
				CLANG_WARN_BLOCK_CAPTURE_AUTORELEASING = YES;
				CLANG_WARN_BOOL_CONVERSION = YES;
				CLANG_WARN_COMMA = YES;
				CLANG_WARN_CONSTANT_CONVERSION = YES;
				CLANG_WARN_DEPRECATED_OBJC_IMPLEMENTATIONS = YES;
				CLANG_WARN_DIRECT_OBJC_ISA_USAGE = YES_ERROR;
				CLANG_WARN_DOCUMENTATION_COMMENTS = YES;
				CLANG_WARN_EMPTY_BODY = YES;
				CLANG_WARN_ENUM_CONVERSION = YES;
				CLANG_WARN_INFINITE_RECURSION = YES;
				CLANG_WARN_INT_CONVERSION = YES;
				CLANG_WARN_NON_LITERAL_NULL_CONVERSION = YES;
				CLANG_WARN_OBJC_IMPLICIT_RETAIN_SELF = YES;
				CLANG_WARN_OBJC_LITERAL_CONVERSION = YES;
				CLANG_WARN_OBJC_ROOT_CLASS = YES_ERROR;
				CLANG_WARN_QUOTED_INCLUDE_IN_FRAMEWORK_HEADER = YES;
				CLANG_WARN_RANGE_LOOP_ANALYSIS = YES;
				CLANG_WARN_STRICT_PROTOTYPES = YES;
				CLANG_WARN_SUSPICIOUS_MOVE = YES;
				CLANG_WARN_UNGUARDED_AVAILABILITY = YES_AGGRESSIVE;
				CLANG_WARN_UNREACHABLE_CODE = YES;
				CLANG_WARN__DUPLICATE_METHOD_MATCH = YES;
				COPY_PHASE_STRIP = NO;
				DEBUG_INFORMATION_FORMAT = "dwarf-with-dsym";
				ENABLE_NS_ASSERTIONS = NO;
				ENABLE_STRICT_OBJC_MSGSEND = YES;
				GCC_C_LANGUAGE_STANDARD = gnu11;
				GCC_NO_COMMON_BLOCKS = YES;
				GCC_WARN_64_TO_32_BIT_CONVERSION = YES;
				GCC_WARN_ABOUT_RETURN_TYPE = YES_ERROR;
				GCC_WARN_UNDECLARED_SELECTOR = YES;
				GCC_WARN_UNINITIALIZED_AUTOS = YES_AGGRESSIVE;
				GCC_WARN_UNUSED_FUNCTION = YES;
				GCC_WARN_UNUSED_VARIABLE = YES;
				IPHONEOS_DEPLOYMENT_TARGET = 15.5;
				MTL_ENABLE_DEBUG_INFO = NO;
				MTL_FAST_MATH = YES;
				SDKROOT = iphoneos;
				SWIFT_COMPILATION_MODE = wholemodule;
				SWIFT_OPTIMIZATION_LEVEL = "-O";
				VALIDATE_PRODUCT = YES;
			};
			name = Release;
		};
		7C41905B2939A235004056D6 /* Debug */ = {
			isa = XCBuildConfiguration;
			buildSettings = {
				ASSETCATALOG_COMPILER_APPICON_NAME = AppIcon;
				ASSETCATALOG_COMPILER_GLOBAL_ACCENT_COLOR_NAME = AccentColor;
				CODE_SIGN_STYLE = Automatic;
				CURRENT_PROJECT_VERSION = 1;
				GENERATE_INFOPLIST_FILE = YES;
				INFOPLIST_FILE = RandomJoke/Info.plist;
				INFOPLIST_KEY_UIApplicationSupportsIndirectInputEvents = YES;
				INFOPLIST_KEY_UILaunchStoryboardName = LaunchScreen;
				INFOPLIST_KEY_UISupportedInterfaceOrientations = UIInterfaceOrientationPortrait;
				INFOPLIST_KEY_UISupportedInterfaceOrientations_iPad = "UIInterfaceOrientationPortrait UIInterfaceOrientationPortraitUpsideDown UIInterfaceOrientationLandscapeLeft UIInterfaceOrientationLandscapeRight";
				INFOPLIST_KEY_UISupportedInterfaceOrientations_iPhone = "UIInterfaceOrientationPortrait UIInterfaceOrientationLandscapeLeft UIInterfaceOrientationLandscapeRight";
				LD_RUNPATH_SEARCH_PATHS = (
					"$(inherited)",
					"@executable_path/Frameworks",
				);
				MARKETING_VERSION = 1.0;
				PRODUCT_BUNDLE_IDENTIFIER = xindy.del.rosario.RandomJoke;
				PRODUCT_NAME = "$(TARGET_NAME)";
				SWIFT_EMIT_LOC_STRINGS = YES;
				SWIFT_VERSION = 5.0;
				TARGETED_DEVICE_FAMILY = 1;
			};
			name = Debug;
		};
		7C41905C2939A235004056D6 /* Release */ = {
			isa = XCBuildConfiguration;
			buildSettings = {
				ASSETCATALOG_COMPILER_APPICON_NAME = AppIcon;
				ASSETCATALOG_COMPILER_GLOBAL_ACCENT_COLOR_NAME = AccentColor;
				CODE_SIGN_STYLE = Automatic;
				CURRENT_PROJECT_VERSION = 1;
				GENERATE_INFOPLIST_FILE = YES;
				INFOPLIST_FILE = RandomJoke/Info.plist;
				INFOPLIST_KEY_UIApplicationSupportsIndirectInputEvents = YES;
				INFOPLIST_KEY_UILaunchStoryboardName = LaunchScreen;
				INFOPLIST_KEY_UISupportedInterfaceOrientations = UIInterfaceOrientationPortrait;
				INFOPLIST_KEY_UISupportedInterfaceOrientations_iPad = "UIInterfaceOrientationPortrait UIInterfaceOrientationPortraitUpsideDown UIInterfaceOrientationLandscapeLeft UIInterfaceOrientationLandscapeRight";
				INFOPLIST_KEY_UISupportedInterfaceOrientations_iPhone = "UIInterfaceOrientationPortrait UIInterfaceOrientationLandscapeLeft UIInterfaceOrientationLandscapeRight";
				LD_RUNPATH_SEARCH_PATHS = (
					"$(inherited)",
					"@executable_path/Frameworks",
				);
				MARKETING_VERSION = 1.0;
				PRODUCT_BUNDLE_IDENTIFIER = xindy.del.rosario.RandomJoke;
				PRODUCT_NAME = "$(TARGET_NAME)";
				SWIFT_EMIT_LOC_STRINGS = YES;
				SWIFT_VERSION = 5.0;
				TARGETED_DEVICE_FAMILY = 1;
			};
			name = Release;
		};
/* End XCBuildConfiguration section */

/* Begin XCConfigurationList section */
		7C41903E2939A233004056D6 /* Build configuration list for PBXProject "RandomJoke" */ = {
			isa = XCConfigurationList;
			buildConfigurations = (
				7C4190582939A235004056D6 /* Debug */,
				7C4190592939A235004056D6 /* Release */,
			);
			defaultConfigurationIsVisible = 0;
			defaultConfigurationName = Release;
		};
		7C41905A2939A235004056D6 /* Build configuration list for PBXNativeTarget "RandomJoke" */ = {
			isa = XCConfigurationList;
			buildConfigurations = (
				7C41905B2939A235004056D6 /* Debug */,
				7C41905C2939A235004056D6 /* Release */,
			);
			defaultConfigurationIsVisible = 0;
			defaultConfigurationName = Release;
		};
/* End XCConfigurationList section */

/* Begin XCVersionGroup section */
		7C41904F2939A234004056D6 /* RandomJoke.xcdatamodeld */ = {
			isa = XCVersionGroup;
			children = (
				7C4190502939A234004056D6 /* RandomJoke.xcdatamodel */,
			);
			currentVersion = 7C4190502939A234004056D6 /* RandomJoke.xcdatamodel */;
			path = RandomJoke.xcdatamodeld;
			sourceTree = "<group>";
			versionGroupType = wrapper.xcdatamodel;
		};
/* End XCVersionGroup section */
	};
	rootObject = 7C41903B2939A233004056D6 /* Project object */;
}
